
Microsoft Visual Studio Solution File, Format Version 12.00
# Visual Studio Version 17
VisualStudioVersion = 17.0.31903.59
MinimumVisualStudioVersion = 10.0.40219.1
Project("{2150E333-8FDC-42A3-9474-1A3956D46DE8}") = "src", "src", "{827E0CD3-B72D-47B6-A68D-7590B98EB39B}"
EndProject
Project("{2150E333-8FDC-42A3-9474-1A3956D46DE8}") = "BuildingBlocks", "BuildingBlocks", "{90298CBA-BD6F-3A0A-69D5-97CAD7B05E7E}"
EndProject
Project("{2150E333-8FDC-42A3-9474-1A3956D46DE8}") = "Common", "Common", "{F8284A3B-6172-4543-FC74-2C149A4C2E29}"
EndProject
Project("{FAE04EC0-301F-11D3-BF4B-00C04F79EFBC}") = "BuildingBlocks.Common", "src\BuildingBlocks\Common\BuildingBlocks.Common\BuildingBlocks.Common.csproj", "{972D176B-E4BB-40C7-9BDE-D7ABDF796426}"
EndProject
Project("{2150E333-8FDC-42A3-9474-1A3956D46DE8}") = "EventBus", "EventBus", "{4D909E3A-FE81-0AA7-4841-65E192C827E3}"
EndProject
Project("{FAE04EC0-301F-11D3-BF4B-00C04F79EFBC}") = "BuildingBlocks.EventBus", "src\BuildingBlocks\EventBus\BuildingBlocks.EventBus\BuildingBlocks.EventBus.csproj", "{2515DEB7-DC1E-419A-892A-975A601480AB}"
EndProject
Project("{2150E333-8FDC-42A3-9474-1A3956D46DE8}") = "EventBus.RabbitMQ", "EventBus.RabbitMQ", "{53890CF4-40DD-B408-C4DC-486A5274CA5C}"
EndProject
Project("{FAE04EC0-301F-11D3-BF4B-00C04F79EFBC}") = "BuildingBlocks.EventBus.RabbitMQ", "src\BuildingBlocks\EventBus.RabbitMQ\BuildingBlocks.EventBus.RabbitMQ\BuildingBlocks.EventBus.RabbitMQ.csproj", "{9949377E-B3FB-4F59-B73D-180F2C593595}"
EndProject
Project("{2150E333-8FDC-42A3-9474-1A3956D46DE8}") = "Authentication", "Authentication", "{14C344FA-F21B-C7EF-0841-887F9D46AA35}"
EndProject
Project("{FAE04EC0-301F-11D3-BF4B-00C04F79EFBC}") = "BuildingBlocks.Authentication", "src\BuildingBlocks\Authentication\BuildingBlocks.Authentication\BuildingBlocks.Authentication.csproj", "{6017C867-1FF9-4262-B648-4EBA01CA6138}"
EndProject
Project("{2150E333-8FDC-42A3-9474-1A3956D46DE8}") = "Observability", "Observability", "{408E099D-E5BE-D435-3378-22A4F9BFB988}"
EndProject
Project("{FAE04EC0-301F-11D3-BF4B-00C04F79EFBC}") = "BuildingBlocks.Observability", "src\BuildingBlocks\Observability\BuildingBlocks.Observability\BuildingBlocks.Observability.csproj", "{19D11B70-02C7-4431-ABEF-9B72FF52DCB6}"
EndProject
Project("{2150E333-8FDC-42A3-9474-1A3956D46DE8}") = "Services", "Services", "{984BB9B3-3FA3-BE33-9484-CAC21695A33C}"
EndProject
Project("{2150E333-8FDC-42A3-9474-1A3956D46DE8}") = "Inventory", "Inventory", "{CA15E31E-CB60-F235-5CDF-2E527A86A72C}"
EndProject
Project("{FAE04EC0-301F-11D3-BF4B-00C04F79EFBC}") = "Inventory.Domain", "src\Services\Inventory\Inventory.Domain\Inventory.Domain.csproj", "{55AA9779-1E78-4AA6-AC48-621918D951BD}"
EndProject
Project("{FAE04EC0-301F-11D3-BF4B-00C04F79EFBC}") = "Inventory.Application", "src\Services\Inventory\Inventory.Application\Inventory.Application.csproj", "{C1B04C9F-FEA8-4956-8B59-69754F6177DF}"
EndProject
Project("{FAE04EC0-301F-11D3-BF4B-00C04F79EFBC}") = "Inventory.Infrastructure", "src\Services\Inventory\Inventory.Infrastructure\Inventory.Infrastructure.csproj", "{E85DFEAA-A25D-4679-9B8F-941F092F818A}"
EndProject
Project("{FAE04EC0-301F-11D3-BF4B-00C04F79EFBC}") = "Inventory.API", "src\Services\Inventory\Inventory.API\Inventory.API.csproj", "{B18D9DF2-05B4-432A-B6AF-1DA80D55F601}"
EndProject
Project("{2150E333-8FDC-42A3-9474-1A3956D46DE8}") = "Booking", "Booking", "{4123167B-43F7-B7D6-9F7F-37C16FB29096}"
EndProject
Project("{FAE04EC0-301F-11D3-BF4B-00C04F79EFBC}") = "Booking.Domain", "src\Services\Booking\Booking.Domain\Booking.Domain.csproj", "{2BC2CC2D-B100-4FE9-9BDC-7563C8AEEF03}"
EndProject
Project("{FAE04EC0-301F-11D3-BF4B-00C04F79EFBC}") = "Booking.Application", "src\Services\Booking\Booking.Application\Booking.Application.csproj", "{EEFB9B31-51B3-495C-95C8-BA47F1ED6D5F}"
EndProject
Project("{FAE04EC0-301F-11D3-BF4B-00C04F79EFBC}") = "Booking.Infrastructure", "src\Services\Booking\Booking.Infrastructure\Booking.Infrastructure.csproj", "{C664A701-B144-4CF9-9A66-FE3DAFB10317}"
EndProject
Project("{FAE04EC0-301F-11D3-BF4B-00C04F79EFBC}") = "Booking.API", "src\Services\Booking\Booking.API\Booking.API.csproj", "{CBF14777-9E51-405E-A02C-A325F7810331}"
EndProject
Project("{2150E333-8FDC-42A3-9474-1A3956D46DE8}") = "User", "User", "{6792783D-ADFB-1DC9-8301-92642CD8F804}"
EndProject
Project("{FAE04EC0-301F-11D3-BF4B-00C04F79EFBC}") = "User.Domain", "src\Services\User\User.Domain\User.Domain.csproj", "{F1996B81-E835-4591-9499-628F852D0594}"
EndProject
Project("{FAE04EC0-301F-11D3-BF4B-00C04F79EFBC}") = "User.Application", "src\Services\User\User.Application\User.Application.csproj", "{51CC94C5-E08F-45B9-B5CE-0A72F0AD7D98}"
EndProject
Project("{FAE04EC0-301F-11D3-BF4B-00C04F79EFBC}") = "User.Infrastructure", "src\Services\User\User.Infrastructure\User.Infrastructure.csproj", "{A687B696-7DEC-41BF-A29C-09CD2B8897A3}"
EndProject
Project("{FAE04EC0-301F-11D3-BF4B-00C04F79EFBC}") = "User.API", "src\Services\User\User.API\User.API.csproj", "{DE51A671-D804-45FB-9FD6-DE51F5539BBA}"
EndProject
Project("{2150E333-8FDC-42A3-9474-1A3956D46DE8}") = "Payment", "Payment", "{3FB03296-F262-2760-9861-73C41AF3766C}"
EndProject
Project("{FAE04EC0-301F-11D3-BF4B-00C04F79EFBC}") = "Payment.Domain", "src\Services\Payment\Payment.Domain\Payment.Domain.csproj", "{2BC86716-FCE7-4E5A-A4F4-B715BB0F3332}"
EndProject
Project("{FAE04EC0-301F-11D3-BF4B-00C04F79EFBC}") = "Payment.Application", "src\Services\Payment\Payment.Application\Payment.Application.csproj", "{105C846C-3072-4AAA-8941-D68102027E60}"
EndProject
Project("{FAE04EC0-301F-11D3-BF4B-00C04F79EFBC}") = "Payment.Infrastructure", "src\Services\Payment\Payment.Infrastructure\Payment.Infrastructure.csproj", "{07B1A0B5-398F-4BA9-90CB-0DA353D5186A}"
EndProject
Project("{FAE04EC0-301F-11D3-BF4B-00C04F79EFBC}") = "Payment.API", "src\Services\Payment\Payment.API\Payment.API.csproj", "{8E0895B8-9FD9-4802-94EE-70FCFA2A7993}"
EndProject
Project("{2150E333-8FDC-42A3-9474-1A3956D46DE8}") = "Review", "Review", "{5AFB76E0-5870-0CFD-DAC0-FE3ADB92FF83}"
EndProject
Project("{FAE04EC0-301F-11D3-BF4B-00C04F79EFBC}") = "Review.Domain", "src\Services\Review\Review.Domain\Review.Domain.csproj", "{E0A8092C-65AE-4235-9DC2-65BDE9FCD392}"
EndProject
Project("{FAE04EC0-301F-11D3-BF4B-00C04F79EFBC}") = "Review.Application", "src\Services\Review\Review.Application\Review.Application.csproj", "{01B222E5-5ED8-40D6-993A-E3BEA7391478}"
EndProject
Project("{FAE04EC0-301F-11D3-BF4B-00C04F79EFBC}") = "Review.Infrastructure", "src\Services\Review\Review.Infrastructure\Review.Infrastructure.csproj", "{0233971C-65AA-4B66-A374-6F0D5ADF846B}"
EndProject
Project("{FAE04EC0-301F-11D3-BF4B-00C04F79EFBC}") = "Review.API", "src\Services\Review\Review.API\Review.API.csproj", "{29C63F3F-B758-49B5-8DBB-EE697E1D80F1}"
EndProject
Project("{2150E333-8FDC-42A3-9474-1A3956D46DE8}") = "Analytics", "Analytics", "{BB77F832-879F-00F9-E108-00944EDB87D8}"
EndProject
Project("{FAE04EC0-301F-11D3-BF4B-00C04F79EFBC}") = "Analytics.Domain", "src\Services\Analytics\Analytics.Domain\Analytics.Domain.csproj", "{9BDA5675-DF76-448B-8B1B-2778590ADBD8}"
EndProject
Project("{FAE04EC0-301F-11D3-BF4B-00C04F79EFBC}") = "Analytics.Application", "src\Services\Analytics\Analytics.Application\Analytics.Application.csproj", "{10BAE831-C691-4309-AD8E-562AA9C6C828}"
EndProject
Project("{FAE04EC0-301F-11D3-BF4B-00C04F79EFBC}") = "Analytics.Infrastructure", "src\Services\Analytics\Analytics.Infrastructure\Analytics.Infrastructure.csproj", "{CDCD0B0F-7343-4368-B039-0508E2ABCFD1}"
EndProject
Project("{FAE04EC0-301F-11D3-BF4B-00C04F79EFBC}") = "Analytics.API", "src\Services\Analytics\Analytics.API\Analytics.API.csproj", "{04DF3897-11F1-4AD9-82CB-AB36F1E49FDA}"
EndProject
Project("{2150E333-8FDC-42A3-9474-1A3956D46DE8}") = "ApiGateway", "ApiGateway", "{FCA01246-F2C6-0AA7-D43F-FD13BE0B9D88}"
EndProject
Project("{FAE04EC0-301F-11D3-BF4B-00C04F79EFBC}") = "ApiGateway.Ocelot", "src\ApiGateway\ApiGateway.Ocelot\ApiGateway.Ocelot.csproj", "{CA567884-FEE5-45B6-B65D-191BB89521B9}"
EndProject
Project("{FAE04EC0-301F-11D3-BF4B-00C04F79EFBC}") = "IdentityServer", "src\IdentityServer\IdentityServer.csproj", "{9A5D0626-4288-4BFB-92E3-09C3182525A0}"
EndProject
Global
	GlobalSection(SolutionConfigurationPlatforms) = preSolution
		Debug|Any CPU = Debug|Any CPU
		Debug|x64 = Debug|x64
		Debug|x86 = Debug|x86
		Release|Any CPU = Release|Any CPU
		Release|x64 = Release|x64
		Release|x86 = Release|x86
	EndGlobalSection
	GlobalSection(ProjectConfigurationPlatforms) = postSolution
		{972D176B-E4BB-40C7-9BDE-D7ABDF796426}.Debug|Any CPU.ActiveCfg = Debug|Any CPU
		{972D176B-E4BB-40C7-9BDE-D7ABDF796426}.Debug|Any CPU.Build.0 = Debug|Any CPU
		{972D176B-E4BB-40C7-9BDE-D7ABDF796426}.Debug|x64.ActiveCfg = Debug|Any CPU
		{972D176B-E4BB-40C7-9BDE-D7ABDF796426}.Debug|x64.Build.0 = Debug|Any CPU
		{972D176B-E4BB-40C7-9BDE-D7ABDF796426}.Debug|x86.ActiveCfg = Debug|Any CPU
		{972D176B-E4BB-40C7-9BDE-D7ABDF796426}.Debug|x86.Build.0 = Debug|Any CPU
		{972D176B-E4BB-40C7-9BDE-D7ABDF796426}.Release|Any CPU.ActiveCfg = Release|Any CPU
		{972D176B-E4BB-40C7-9BDE-D7ABDF796426}.Release|Any CPU.Build.0 = Release|Any CPU
		{972D176B-E4BB-40C7-9BDE-D7ABDF796426}.Release|x64.ActiveCfg = Release|Any CPU
		{972D176B-E4BB-40C7-9BDE-D7ABDF796426}.Release|x64.Build.0 = Release|Any CPU
		{972D176B-E4BB-40C7-9BDE-D7ABDF796426}.Release|x86.ActiveCfg = Release|Any CPU
		{972D176B-E4BB-40C7-9BDE-D7ABDF796426}.Release|x86.Build.0 = Release|Any CPU
		{2515DEB7-DC1E-419A-892A-975A601480AB}.Debug|Any CPU.ActiveCfg = Debug|Any CPU
		{2515DEB7-DC1E-419A-892A-975A601480AB}.Debug|Any CPU.Build.0 = Debug|Any CPU
		{2515DEB7-DC1E-419A-892A-975A601480AB}.Debug|x64.ActiveCfg = Debug|Any CPU
		{2515DEB7-DC1E-419A-892A-975A601480AB}.Debug|x64.Build.0 = Debug|Any CPU
		{2515DEB7-DC1E-419A-892A-975A601480AB}.Debug|x86.ActiveCfg = Debug|Any CPU
		{2515DEB7-DC1E-419A-892A-975A601480AB}.Debug|x86.Build.0 = Debug|Any CPU
		{2515DEB7-DC1E-419A-892A-975A601480AB}.Release|Any CPU.ActiveCfg = Release|Any CPU
		{2515DEB7-DC1E-419A-892A-975A601480AB}.Release|Any CPU.Build.0 = Release|Any CPU
		{2515DEB7-DC1E-419A-892A-975A601480AB}.Release|x64.ActiveCfg = Release|Any CPU
		{2515DEB7-DC1E-419A-892A-975A601480AB}.Release|x64.Build.0 = Release|Any CPU
		{2515DEB7-DC1E-419A-892A-975A601480AB}.Release|x86.ActiveCfg = Release|Any CPU
		{2515DEB7-DC1E-419A-892A-975A601480AB}.Release|x86.Build.0 = Release|Any CPU
		{9949377E-B3FB-4F59-B73D-180F2C593595}.Debug|Any CPU.ActiveCfg = Debug|Any CPU
		{9949377E-B3FB-4F59-B73D-180F2C593595}.Debug|Any CPU.Build.0 = Debug|Any CPU
		{9949377E-B3FB-4F59-B73D-180F2C593595}.Debug|x64.ActiveCfg = Debug|Any CPU
		{9949377E-B3FB-4F59-B73D-180F2C593595}.Debug|x64.Build.0 = Debug|Any CPU
		{9949377E-B3FB-4F59-B73D-180F2C593595}.Debug|x86.ActiveCfg = Debug|Any CPU
		{9949377E-B3FB-4F59-B73D-180F2C593595}.Debug|x86.Build.0 = Debug|Any CPU
		{9949377E-B3FB-4F59-B73D-180F2C593595}.Release|Any CPU.ActiveCfg = Release|Any CPU
		{9949377E-B3FB-4F59-B73D-180F2C593595}.Release|Any CPU.Build.0 = Release|Any CPU
		{9949377E-B3FB-4F59-B73D-180F2C593595}.Release|x64.ActiveCfg = Release|Any CPU
		{9949377E-B3FB-4F59-B73D-180F2C593595}.Release|x64.Build.0 = Release|Any CPU
		{9949377E-B3FB-4F59-B73D-180F2C593595}.Release|x86.ActiveCfg = Release|Any CPU
		{9949377E-B3FB-4F59-B73D-180F2C593595}.Release|x86.Build.0 = Release|Any CPU
		{6017C867-1FF9-4262-B648-4EBA01CA6138}.Debug|Any CPU.ActiveCfg = Debug|Any CPU
		{6017C867-1FF9-4262-B648-4EBA01CA6138}.Debug|Any CPU.Build.0 = Debug|Any CPU
		{6017C867-1FF9-4262-B648-4EBA01CA6138}.Debug|x64.ActiveCfg = Debug|Any CPU
		{6017C867-1FF9-4262-B648-4EBA01CA6138}.Debug|x64.Build.0 = Debug|Any CPU
		{6017C867-1FF9-4262-B648-4EBA01CA6138}.Debug|x86.ActiveCfg = Debug|Any CPU
		{6017C867-1FF9-4262-B648-4EBA01CA6138}.Debug|x86.Build.0 = Debug|Any CPU
		{6017C867-1FF9-4262-B648-4EBA01CA6138}.Release|Any CPU.ActiveCfg = Release|Any CPU
		{6017C867-1FF9-4262-B648-4EBA01CA6138}.Release|Any CPU.Build.0 = Release|Any CPU
		{6017C867-1FF9-4262-B648-4EBA01CA6138}.Release|x64.ActiveCfg = Release|Any CPU
		{6017C867-1FF9-4262-B648-4EBA01CA6138}.Release|x64.Build.0 = Release|Any CPU
		{6017C867-1FF9-4262-B648-4EBA01CA6138}.Release|x86.ActiveCfg = Release|Any CPU
		{6017C867-1FF9-4262-B648-4EBA01CA6138}.Release|x86.Build.0 = Release|Any CPU
		{19D11B70-02C7-4431-ABEF-9B72FF52DCB6}.Debug|Any CPU.ActiveCfg = Debug|Any CPU
		{19D11B70-02C7-4431-ABEF-9B72FF52DCB6}.Debug|Any CPU.Build.0 = Debug|Any CPU
		{19D11B70-02C7-4431-ABEF-9B72FF52DCB6}.Debug|x64.ActiveCfg = Debug|Any CPU
		{19D11B70-02C7-4431-ABEF-9B72FF52DCB6}.Debug|x64.Build.0 = Debug|Any CPU
		{19D11B70-02C7-4431-ABEF-9B72FF52DCB6}.Debug|x86.ActiveCfg = Debug|Any CPU
		{19D11B70-02C7-4431-ABEF-9B72FF52DCB6}.Debug|x86.Build.0 = Debug|Any CPU
		{19D11B70-02C7-4431-ABEF-9B72FF52DCB6}.Release|Any CPU.ActiveCfg = Release|Any CPU
		{19D11B70-02C7-4431-ABEF-9B72FF52DCB6}.Release|Any CPU.Build.0 = Release|Any CPU
		{19D11B70-02C7-4431-ABEF-9B72FF52DCB6}.Release|x64.ActiveCfg = Release|Any CPU
		{19D11B70-02C7-4431-ABEF-9B72FF52DCB6}.Release|x64.Build.0 = Release|Any CPU
		{19D11B70-02C7-4431-ABEF-9B72FF52DCB6}.Release|x86.ActiveCfg = Release|Any CPU
		{19D11B70-02C7-4431-ABEF-9B72FF52DCB6}.Release|x86.Build.0 = Release|Any CPU
		{55AA9779-1E78-4AA6-AC48-621918D951BD}.Debug|Any CPU.ActiveCfg = Debug|Any CPU
		{55AA9779-1E78-4AA6-AC48-621918D951BD}.Debug|Any CPU.Build.0 = Debug|Any CPU
		{55AA9779-1E78-4AA6-AC48-621918D951BD}.Debug|x64.ActiveCfg = Debug|Any CPU
		{55AA9779-1E78-4AA6-AC48-621918D951BD}.Debug|x64.Build.0 = Debug|Any CPU
		{55AA9779-1E78-4AA6-AC48-621918D951BD}.Debug|x86.ActiveCfg = Debug|Any CPU
		{55AA9779-1E78-4AA6-AC48-621918D951BD}.Debug|x86.Build.0 = Debug|Any CPU
		{55AA9779-1E78-4AA6-AC48-621918D951BD}.Release|Any CPU.ActiveCfg = Release|Any CPU
		{55AA9779-1E78-4AA6-AC48-621918D951BD}.Release|Any CPU.Build.0 = Release|Any CPU
		{55AA9779-1E78-4AA6-AC48-621918D951BD}.Release|x64.ActiveCfg = Release|Any CPU
		{55AA9779-1E78-4AA6-AC48-621918D951BD}.Release|x64.Build.0 = Release|Any CPU
		{55AA9779-1E78-4AA6-AC48-621918D951BD}.Release|x86.ActiveCfg = Release|Any CPU
		{55AA9779-1E78-4AA6-AC48-621918D951BD}.Release|x86.Build.0 = Release|Any CPU
		{C1B04C9F-FEA8-4956-8B59-69754F6177DF}.Debug|Any CPU.ActiveCfg = Debug|Any CPU
		{C1B04C9F-FEA8-4956-8B59-69754F6177DF}.Debug|Any CPU.Build.0 = Debug|Any CPU
		{C1B04C9F-FEA8-4956-8B59-69754F6177DF}.Debug|x64.ActiveCfg = Debug|Any CPU
		{C1B04C9F-FEA8-4956-8B59-69754F6177DF}.Debug|x64.Build.0 = Debug|Any CPU
		{C1B04C9F-FEA8-4956-8B59-69754F6177DF}.Debug|x86.ActiveCfg = Debug|Any CPU
		{C1B04C9F-FEA8-4956-8B59-69754F6177DF}.Debug|x86.Build.0 = Debug|Any CPU
		{C1B04C9F-FEA8-4956-8B59-69754F6177DF}.Release|Any CPU.ActiveCfg = Release|Any CPU
		{C1B04C9F-FEA8-4956-8B59-69754F6177DF}.Release|Any CPU.Build.0 = Release|Any CPU
		{C1B04C9F-FEA8-4956-8B59-69754F6177DF}.Release|x64.ActiveCfg = Release|Any CPU
		{C1B04C9F-FEA8-4956-8B59-69754F6177DF}.Release|x64.Build.0 = Release|Any CPU
		{C1B04C9F-FEA8-4956-8B59-69754F6177DF}.Release|x86.ActiveCfg = Release|Any CPU
		{C1B04C9F-FEA8-4956-8B59-69754F6177DF}.Release|x86.Build.0 = Release|Any CPU
		{E85DFEAA-A25D-4679-9B8F-941F092F818A}.Debug|Any CPU.ActiveCfg = Debug|Any CPU
		{E85DFEAA-A25D-4679-9B8F-941F092F818A}.Debug|Any CPU.Build.0 = Debug|Any CPU
		{E85DFEAA-A25D-4679-9B8F-941F092F818A}.Debug|x64.ActiveCfg = Debug|Any CPU
		{E85DFEAA-A25D-4679-9B8F-941F092F818A}.Debug|x64.Build.0 = Debug|Any CPU
		{E85DFEAA-A25D-4679-9B8F-941F092F818A}.Debug|x86.ActiveCfg = Debug|Any CPU
		{E85DFEAA-A25D-4679-9B8F-941F092F818A}.Debug|x86.Build.0 = Debug|Any CPU
		{E85DFEAA-A25D-4679-9B8F-941F092F818A}.Release|Any CPU.ActiveCfg = Release|Any CPU
		{E85DFEAA-A25D-4679-9B8F-941F092F818A}.Release|Any CPU.Build.0 = Release|Any CPU
		{E85DFEAA-A25D-4679-9B8F-941F092F818A}.Release|x64.ActiveCfg = Release|Any CPU
		{E85DFEAA-A25D-4679-9B8F-941F092F818A}.Release|x64.Build.0 = Release|Any CPU
		{E85DFEAA-A25D-4679-9B8F-941F092F818A}.Release|x86.ActiveCfg = Release|Any CPU
		{E85DFEAA-A25D-4679-9B8F-941F092F818A}.Release|x86.Build.0 = Release|Any CPU
		{B18D9DF2-05B4-432A-B6AF-1DA80D55F601}.Debug|Any CPU.ActiveCfg = Debug|Any CPU
		{B18D9DF2-05B4-432A-B6AF-1DA80D55F601}.Debug|Any CPU.Build.0 = Debug|Any CPU
		{B18D9DF2-05B4-432A-B6AF-1DA80D55F601}.Debug|x64.ActiveCfg = Debug|Any CPU
		{B18D9DF2-05B4-432A-B6AF-1DA80D55F601}.Debug|x64.Build.0 = Debug|Any CPU
		{B18D9DF2-05B4-432A-B6AF-1DA80D55F601}.Debug|x86.ActiveCfg = Debug|Any CPU
		{B18D9DF2-05B4-432A-B6AF-1DA80D55F601}.Debug|x86.Build.0 = Debug|Any CPU
		{B18D9DF2-05B4-432A-B6AF-1DA80D55F601}.Release|Any CPU.ActiveCfg = Release|Any CPU
		{B18D9DF2-05B4-432A-B6AF-1DA80D55F601}.Release|Any CPU.Build.0 = Release|Any CPU
		{B18D9DF2-05B4-432A-B6AF-1DA80D55F601}.Release|x64.ActiveCfg = Release|Any CPU
		{B18D9DF2-05B4-432A-B6AF-1DA80D55F601}.Release|x64.Build.0 = Release|Any CPU
		{B18D9DF2-05B4-432A-B6AF-1DA80D55F601}.Release|x86.ActiveCfg = Release|Any CPU
		{B18D9DF2-05B4-432A-B6AF-1DA80D55F601}.Release|x86.Build.0 = Release|Any CPU
		{2BC2CC2D-B100-4FE9-9BDC-7563C8AEEF03}.Debug|Any CPU.ActiveCfg = Debug|Any CPU
		{2BC2CC2D-B100-4FE9-9BDC-7563C8AEEF03}.Debug|Any CPU.Build.0 = Debug|Any CPU
		{2BC2CC2D-B100-4FE9-9BDC-7563C8AEEF03}.Debug|x64.ActiveCfg = Debug|Any CPU
		{2BC2CC2D-B100-4FE9-9BDC-7563C8AEEF03}.Debug|x64.Build.0 = Debug|Any CPU
		{2BC2CC2D-B100-4FE9-9BDC-7563C8AEEF03}.Debug|x86.ActiveCfg = Debug|Any CPU
		{2BC2CC2D-B100-4FE9-9BDC-7563C8AEEF03}.Debug|x86.Build.0 = Debug|Any CPU
		{2BC2CC2D-B100-4FE9-9BDC-7563C8AEEF03}.Release|Any CPU.ActiveCfg = Release|Any CPU
		{2BC2CC2D-B100-4FE9-9BDC-7563C8AEEF03}.Release|Any CPU.Build.0 = Release|Any CPU
		{2BC2CC2D-B100-4FE9-9BDC-7563C8AEEF03}.Release|x64.ActiveCfg = Release|Any CPU
		{2BC2CC2D-B100-4FE9-9BDC-7563C8AEEF03}.Release|x64.Build.0 = Release|Any CPU
		{2BC2CC2D-B100-4FE9-9BDC-7563C8AEEF03}.Release|x86.ActiveCfg = Release|Any CPU
		{2BC2CC2D-B100-4FE9-9BDC-7563C8AEEF03}.Release|x86.Build.0 = Release|Any CPU
		{EEFB9B31-51B3-495C-95C8-BA47F1ED6D5F}.Debug|Any CPU.ActiveCfg = Debug|Any CPU
		{EEFB9B31-51B3-495C-95C8-BA47F1ED6D5F}.Debug|Any CPU.Build.0 = Debug|Any CPU
		{EEFB9B31-51B3-495C-95C8-BA47F1ED6D5F}.Debug|x64.ActiveCfg = Debug|Any CPU
		{EEFB9B31-51B3-495C-95C8-BA47F1ED6D5F}.Debug|x64.Build.0 = Debug|Any CPU
		{EEFB9B31-51B3-495C-95C8-BA47F1ED6D5F}.Debug|x86.ActiveCfg = Debug|Any CPU
		{EEFB9B31-51B3-495C-95C8-BA47F1ED6D5F}.Debug|x86.Build.0 = Debug|Any CPU
		{EEFB9B31-51B3-495C-95C8-BA47F1ED6D5F}.Release|Any CPU.ActiveCfg = Release|Any CPU
		{EEFB9B31-51B3-495C-95C8-BA47F1ED6D5F}.Release|Any CPU.Build.0 = Release|Any CPU
		{EEFB9B31-51B3-495C-95C8-BA47F1ED6D5F}.Release|x64.ActiveCfg = Release|Any CPU
		{EEFB9B31-51B3-495C-95C8-BA47F1ED6D5F}.Release|x64.Build.0 = Release|Any CPU
		{EEFB9B31-51B3-495C-95C8-BA47F1ED6D5F}.Release|x86.ActiveCfg = Release|Any CPU
		{EEFB9B31-51B3-495C-95C8-BA47F1ED6D5F}.Release|x86.Build.0 = Release|Any CPU
		{C664A701-B144-4CF9-9A66-FE3DAFB10317}.Debug|Any CPU.ActiveCfg = Debug|Any CPU
		{C664A701-B144-4CF9-9A66-FE3DAFB10317}.Debug|Any CPU.Build.0 = Debug|Any CPU
		{C664A701-B144-4CF9-9A66-FE3DAFB10317}.Debug|x64.ActiveCfg = Debug|Any CPU
		{C664A701-B144-4CF9-9A66-FE3DAFB10317}.Debug|x64.Build.0 = Debug|Any CPU
		{C664A701-B144-4CF9-9A66-FE3DAFB10317}.Debug|x86.ActiveCfg = Debug|Any CPU
		{C664A701-B144-4CF9-9A66-FE3DAFB10317}.Debug|x86.Build.0 = Debug|Any CPU
		{C664A701-B144-4CF9-9A66-FE3DAFB10317}.Release|Any CPU.ActiveCfg = Release|Any CPU
		{C664A701-B144-4CF9-9A66-FE3DAFB10317}.Release|Any CPU.Build.0 = Release|Any CPU
		{C664A701-B144-4CF9-9A66-FE3DAFB10317}.Release|x64.ActiveCfg = Release|Any CPU
		{C664A701-B144-4CF9-9A66-FE3DAFB10317}.Release|x64.Build.0 = Release|Any CPU
		{C664A701-B144-4CF9-9A66-FE3DAFB10317}.Release|x86.ActiveCfg = Release|Any CPU
		{C664A701-B144-4CF9-9A66-FE3DAFB10317}.Release|x86.Build.0 = Release|Any CPU
		{CBF14777-9E51-405E-A02C-A325F7810331}.Debug|Any CPU.ActiveCfg = Debug|Any CPU
		{CBF14777-9E51-405E-A02C-A325F7810331}.Debug|Any CPU.Build.0 = Debug|Any CPU
		{CBF14777-9E51-405E-A02C-A325F7810331}.Debug|x64.ActiveCfg = Debug|Any CPU
		{CBF14777-9E51-405E-A02C-A325F7810331}.Debug|x64.Build.0 = Debug|Any CPU
		{CBF14777-9E51-405E-A02C-A325F7810331}.Debug|x86.ActiveCfg = Debug|Any CPU
		{CBF14777-9E51-405E-A02C-A325F7810331}.Debug|x86.Build.0 = Debug|Any CPU
		{CBF14777-9E51-405E-A02C-A325F7810331}.Release|Any CPU.ActiveCfg = Release|Any CPU
		{CBF14777-9E51-405E-A02C-A325F7810331}.Release|Any CPU.Build.0 = Release|Any CPU
		{CBF14777-9E51-405E-A02C-A325F7810331}.Release|x64.ActiveCfg = Release|Any CPU
		{CBF14777-9E51-405E-A02C-A325F7810331}.Release|x64.Build.0 = Release|Any CPU
		{CBF14777-9E51-405E-A02C-A325F7810331}.Release|x86.ActiveCfg = Release|Any CPU
		{CBF14777-9E51-405E-A02C-A325F7810331}.Release|x86.Build.0 = Release|Any CPU
		{F1996B81-E835-4591-9499-628F852D0594}.Debug|Any CPU.ActiveCfg = Debug|Any CPU
		{F1996B81-E835-4591-9499-628F852D0594}.Debug|Any CPU.Build.0 = Debug|Any CPU
		{F1996B81-E835-4591-9499-628F852D0594}.Debug|x64.ActiveCfg = Debug|Any CPU
		{F1996B81-E835-4591-9499-628F852D0594}.Debug|x64.Build.0 = Debug|Any CPU
		{F1996B81-E835-4591-9499-628F852D0594}.Debug|x86.ActiveCfg = Debug|Any CPU
		{F1996B81-E835-4591-9499-628F852D0594}.Debug|x86.Build.0 = Debug|Any CPU
		{F1996B81-E835-4591-9499-628F852D0594}.Release|Any CPU.ActiveCfg = Release|Any CPU
		{F1996B81-E835-4591-9499-628F852D0594}.Release|Any CPU.Build.0 = Release|Any CPU
		{F1996B81-E835-4591-9499-628F852D0594}.Release|x64.ActiveCfg = Release|Any CPU
		{F1996B81-E835-4591-9499-628F852D0594}.Release|x64.Build.0 = Release|Any CPU
		{F1996B81-E835-4591-9499-628F852D0594}.Release|x86.ActiveCfg = Release|Any CPU
		{F1996B81-E835-4591-9499-628F852D0594}.Release|x86.Build.0 = Release|Any CPU
		{51CC94C5-E08F-45B9-B5CE-0A72F0AD7D98}.Debug|Any CPU.ActiveCfg = Debug|Any CPU
		{51CC94C5-E08F-45B9-B5CE-0A72F0AD7D98}.Debug|Any CPU.Build.0 = Debug|Any CPU
		{51CC94C5-E08F-45B9-B5CE-0A72F0AD7D98}.Debug|x64.ActiveCfg = Debug|Any CPU
		{51CC94C5-E08F-45B9-B5CE-0A72F0AD7D98}.Debug|x64.Build.0 = Debug|Any CPU
		{51CC94C5-E08F-45B9-B5CE-0A72F0AD7D98}.Debug|x86.ActiveCfg = Debug|Any CPU
		{51CC94C5-E08F-45B9-B5CE-0A72F0AD7D98}.Debug|x86.Build.0 = Debug|Any CPU
		{51CC94C5-E08F-45B9-B5CE-0A72F0AD7D98}.Release|Any CPU.ActiveCfg = Release|Any CPU
		{51CC94C5-E08F-45B9-B5CE-0A72F0AD7D98}.Release|Any CPU.Build.0 = Release|Any CPU
		{51CC94C5-E08F-45B9-B5CE-0A72F0AD7D98}.Release|x64.ActiveCfg = Release|Any CPU
		{51CC94C5-E08F-45B9-B5CE-0A72F0AD7D98}.Release|x64.Build.0 = Release|Any CPU
		{51CC94C5-E08F-45B9-B5CE-0A72F0AD7D98}.Release|x86.ActiveCfg = Release|Any CPU
		{51CC94C5-E08F-45B9-B5CE-0A72F0AD7D98}.Release|x86.Build.0 = Release|Any CPU
		{A687B696-7DEC-41BF-A29C-09CD2B8897A3}.Debug|Any CPU.ActiveCfg = Debug|Any CPU
		{A687B696-7DEC-41BF-A29C-09CD2B8897A3}.Debug|Any CPU.Build.0 = Debug|Any CPU
		{A687B696-7DEC-41BF-A29C-09CD2B8897A3}.Debug|x64.ActiveCfg = Debug|Any CPU
		{A687B696-7DEC-41BF-A29C-09CD2B8897A3}.Debug|x64.Build.0 = Debug|Any CPU
		{A687B696-7DEC-41BF-A29C-09CD2B8897A3}.Debug|x86.ActiveCfg = Debug|Any CPU
		{A687B696-7DEC-41BF-A29C-09CD2B8897A3}.Debug|x86.Build.0 = Debug|Any CPU
		{A687B696-7DEC-41BF-A29C-09CD2B8897A3}.Release|Any CPU.ActiveCfg = Release|Any CPU
		{A687B696-7DEC-41BF-A29C-09CD2B8897A3}.Release|Any CPU.Build.0 = Release|Any CPU
		{A687B696-7DEC-41BF-A29C-09CD2B8897A3}.Release|x64.ActiveCfg = Release|Any CPU
		{A687B696-7DEC-41BF-A29C-09CD2B8897A3}.Release|x64.Build.0 = Release|Any CPU
		{A687B696-7DEC-41BF-A29C-09CD2B8897A3}.Release|x86.ActiveCfg = Release|Any CPU
		{A687B696-7DEC-41BF-A29C-09CD2B8897A3}.Release|x86.Build.0 = Release|Any CPU
		{DE51A671-D804-45FB-9FD6-DE51F5539BBA}.Debug|Any CPU.ActiveCfg = Debug|Any CPU
		{DE51A671-D804-45FB-9FD6-DE51F5539BBA}.Debug|Any CPU.Build.0 = Debug|Any CPU
		{DE51A671-D804-45FB-9FD6-DE51F5539BBA}.Debug|x64.ActiveCfg = Debug|Any CPU
		{DE51A671-D804-45FB-9FD6-DE51F5539BBA}.Debug|x64.Build.0 = Debug|Any CPU
		{DE51A671-D804-45FB-9FD6-DE51F5539BBA}.Debug|x86.ActiveCfg = Debug|Any CPU
		{DE51A671-D804-45FB-9FD6-DE51F5539BBA}.Debug|x86.Build.0 = Debug|Any CPU
		{DE51A671-D804-45FB-9FD6-DE51F5539BBA}.Release|Any CPU.ActiveCfg = Release|Any CPU
		{DE51A671-D804-45FB-9FD6-DE51F5539BBA}.Release|Any CPU.Build.0 = Release|Any CPU
		{DE51A671-D804-45FB-9FD6-DE51F5539BBA}.Release|x64.ActiveCfg = Release|Any CPU
		{DE51A671-D804-45FB-9FD6-DE51F5539BBA}.Release|x64.Build.0 = Release|Any CPU
		{DE51A671-D804-45FB-9FD6-DE51F5539BBA}.Release|x86.ActiveCfg = Release|Any CPU
		{DE51A671-D804-45FB-9FD6-DE51F5539BBA}.Release|x86.Build.0 = Release|Any CPU
		{2BC86716-FCE7-4E5A-A4F4-B715BB0F3332}.Debug|Any CPU.ActiveCfg = Debug|Any CPU
		{2BC86716-FCE7-4E5A-A4F4-B715BB0F3332}.Debug|Any CPU.Build.0 = Debug|Any CPU
		{2BC86716-FCE7-4E5A-A4F4-B715BB0F3332}.Debug|x64.ActiveCfg = Debug|Any CPU
		{2BC86716-FCE7-4E5A-A4F4-B715BB0F3332}.Debug|x64.Build.0 = Debug|Any CPU
		{2BC86716-FCE7-4E5A-A4F4-B715BB0F3332}.Debug|x86.ActiveCfg = Debug|Any CPU
		{2BC86716-FCE7-4E5A-A4F4-B715BB0F3332}.Debug|x86.Build.0 = Debug|Any CPU
		{2BC86716-FCE7-4E5A-A4F4-B715BB0F3332}.Release|Any CPU.ActiveCfg = Release|Any CPU
		{2BC86716-FCE7-4E5A-A4F4-B715BB0F3332}.Release|Any CPU.Build.0 = Release|Any CPU
		{2BC86716-FCE7-4E5A-A4F4-B715BB0F3332}.Release|x64.ActiveCfg = Release|Any CPU
		{2BC86716-FCE7-4E5A-A4F4-B715BB0F3332}.Release|x64.Build.0 = Release|Any CPU
		{2BC86716-FCE7-4E5A-A4F4-B715BB0F3332}.Release|x86.ActiveCfg = Release|Any CPU
		{2BC86716-FCE7-4E5A-A4F4-B715BB0F3332}.Release|x86.Build.0 = Release|Any CPU
		{105C846C-3072-4AAA-8941-D68102027E60}.Debug|Any CPU.ActiveCfg = Debug|Any CPU
		{105C846C-3072-4AAA-8941-D68102027E60}.Debug|Any CPU.Build.0 = Debug|Any CPU
		{105C846C-3072-4AAA-8941-D68102027E60}.Debug|x64.ActiveCfg = Debug|Any CPU
		{105C846C-3072-4AAA-8941-D68102027E60}.Debug|x64.Build.0 = Debug|Any CPU
		{105C846C-3072-4AAA-8941-D68102027E60}.Debug|x86.ActiveCfg = Debug|Any CPU
		{105C846C-3072-4AAA-8941-D68102027E60}.Debug|x86.Build.0 = Debug|Any CPU
		{105C846C-3072-4AAA-8941-D68102027E60}.Release|Any CPU.ActiveCfg = Release|Any CPU
		{105C846C-3072-4AAA-8941-D68102027E60}.Release|Any CPU.Build.0 = Release|Any CPU
		{105C846C-3072-4AAA-8941-D68102027E60}.Release|x64.ActiveCfg = Release|Any CPU
		{105C846C-3072-4AAA-8941-D68102027E60}.Release|x64.Build.0 = Release|Any CPU
		{105C846C-3072-4AAA-8941-D68102027E60}.Release|x86.ActiveCfg = Release|Any CPU
		{105C846C-3072-4AAA-8941-D68102027E60}.Release|x86.Build.0 = Release|Any CPU
		{07B1A0B5-398F-4BA9-90CB-0DA353D5186A}.Debug|Any CPU.ActiveCfg = Debug|Any CPU
		{07B1A0B5-398F-4BA9-90CB-0DA353D5186A}.Debug|Any CPU.Build.0 = Debug|Any CPU
		{07B1A0B5-398F-4BA9-90CB-0DA353D5186A}.Debug|x64.ActiveCfg = Debug|Any CPU
		{07B1A0B5-398F-4BA9-90CB-0DA353D5186A}.Debug|x64.Build.0 = Debug|Any CPU
		{07B1A0B5-398F-4BA9-90CB-0DA353D5186A}.Debug|x86.ActiveCfg = Debug|Any CPU
		{07B1A0B5-398F-4BA9-90CB-0DA353D5186A}.Debug|x86.Build.0 = Debug|Any CPU
		{07B1A0B5-398F-4BA9-90CB-0DA353D5186A}.Release|Any CPU.ActiveCfg = Release|Any CPU
		{07B1A0B5-398F-4BA9-90CB-0DA353D5186A}.Release|Any CPU.Build.0 = Release|Any CPU
		{07B1A0B5-398F-4BA9-90CB-0DA353D5186A}.Release|x64.ActiveCfg = Release|Any CPU
		{07B1A0B5-398F-4BA9-90CB-0DA353D5186A}.Release|x64.Build.0 = Release|Any CPU
		{07B1A0B5-398F-4BA9-90CB-0DA353D5186A}.Release|x86.ActiveCfg = Release|Any CPU
		{07B1A0B5-398F-4BA9-90CB-0DA353D5186A}.Release|x86.Build.0 = Release|Any CPU
		{8E0895B8-9FD9-4802-94EE-70FCFA2A7993}.Debug|Any CPU.ActiveCfg = Debug|Any CPU
		{8E0895B8-9FD9-4802-94EE-70FCFA2A7993}.Debug|Any CPU.Build.0 = Debug|Any CPU
		{8E0895B8-9FD9-4802-94EE-70FCFA2A7993}.Debug|x64.ActiveCfg = Debug|Any CPU
		{8E0895B8-9FD9-4802-94EE-70FCFA2A7993}.Debug|x64.Build.0 = Debug|Any CPU
		{8E0895B8-9FD9-4802-94EE-70FCFA2A7993}.Debug|x86.ActiveCfg = Debug|Any CPU
		{8E0895B8-9FD9-4802-94EE-70FCFA2A7993}.Debug|x86.Build.0 = Debug|Any CPU
		{8E0895B8-9FD9-4802-94EE-70FCFA2A7993}.Release|Any CPU.ActiveCfg = Release|Any CPU
		{8E0895B8-9FD9-4802-94EE-70FCFA2A7993}.Release|Any CPU.Build.0 = Release|Any CPU
		{8E0895B8-9FD9-4802-94EE-70FCFA2A7993}.Release|x64.ActiveCfg = Release|Any CPU
		{8E0895B8-9FD9-4802-94EE-70FCFA2A7993}.Release|x64.Build.0 = Release|Any CPU
		{8E0895B8-9FD9-4802-94EE-70FCFA2A7993}.Release|x86.ActiveCfg = Release|Any CPU
		{8E0895B8-9FD9-4802-94EE-70FCFA2A7993}.Release|x86.Build.0 = Release|Any CPU
		{E0A8092C-65AE-4235-9DC2-65BDE9FCD392}.Debug|Any CPU.ActiveCfg = Debug|Any CPU
		{E0A8092C-65AE-4235-9DC2-65BDE9FCD392}.Debug|Any CPU.Build.0 = Debug|Any CPU
		{E0A8092C-65AE-4235-9DC2-65BDE9FCD392}.Debug|x64.ActiveCfg = Debug|Any CPU
		{E0A8092C-65AE-4235-9DC2-65BDE9FCD392}.Debug|x64.Build.0 = Debug|Any CPU
		{E0A8092C-65AE-4235-9DC2-65BDE9FCD392}.Debug|x86.ActiveCfg = Debug|Any CPU
		{E0A8092C-65AE-4235-9DC2-65BDE9FCD392}.Debug|x86.Build.0 = Debug|Any CPU
		{E0A8092C-65AE-4235-9DC2-65BDE9FCD392}.Release|Any CPU.ActiveCfg = Release|Any CPU
		{E0A8092C-65AE-4235-9DC2-65BDE9FCD392}.Release|Any CPU.Build.0 = Release|Any CPU
		{E0A8092C-65AE-4235-9DC2-65BDE9FCD392}.Release|x64.ActiveCfg = Release|Any CPU
		{E0A8092C-65AE-4235-9DC2-65BDE9FCD392}.Release|x64.Build.0 = Release|Any CPU
		{E0A8092C-65AE-4235-9DC2-65BDE9FCD392}.Release|x86.ActiveCfg = Release|Any CPU
		{E0A8092C-65AE-4235-9DC2-65BDE9FCD392}.Release|x86.Build.0 = Release|Any CPU
		{01B222E5-5ED8-40D6-993A-E3BEA7391478}.Debug|Any CPU.ActiveCfg = Debug|Any CPU
		{01B222E5-5ED8-40D6-993A-E3BEA7391478}.Debug|Any CPU.Build.0 = Debug|Any CPU
		{01B222E5-5ED8-40D6-993A-E3BEA7391478}.Debug|x64.ActiveCfg = Debug|Any CPU
		{01B222E5-5ED8-40D6-993A-E3BEA7391478}.Debug|x64.Build.0 = Debug|Any CPU
		{01B222E5-5ED8-40D6-993A-E3BEA7391478}.Debug|x86.ActiveCfg = Debug|Any CPU
		{01B222E5-5ED8-40D6-993A-E3BEA7391478}.Debug|x86.Build.0 = Debug|Any CPU
		{01B222E5-5ED8-40D6-993A-E3BEA7391478}.Release|Any CPU.ActiveCfg = Release|Any CPU
		{01B222E5-5ED8-40D6-993A-E3BEA7391478}.Release|Any CPU.Build.0 = Release|Any CPU
		{01B222E5-5ED8-40D6-993A-E3BEA7391478}.Release|x64.ActiveCfg = Release|Any CPU
		{01B222E5-5ED8-40D6-993A-E3BEA7391478}.Release|x64.Build.0 = Release|Any CPU
		{01B222E5-5ED8-40D6-993A-E3BEA7391478}.Release|x86.ActiveCfg = Release|Any CPU
		{01B222E5-5ED8-40D6-993A-E3BEA7391478}.Release|x86.Build.0 = Release|Any CPU
		{0233971C-65AA-4B66-A374-6F0D5ADF846B}.Debug|Any CPU.ActiveCfg = Debug|Any CPU
		{0233971C-65AA-4B66-A374-6F0D5ADF846B}.Debug|Any CPU.Build.0 = Debug|Any CPU
		{0233971C-65AA-4B66-A374-6F0D5ADF846B}.Debug|x64.ActiveCfg = Debug|Any CPU
		{0233971C-65AA-4B66-A374-6F0D5ADF846B}.Debug|x64.Build.0 = Debug|Any CPU
		{0233971C-65AA-4B66-A374-6F0D5ADF846B}.Debug|x86.ActiveCfg = Debug|Any CPU
		{0233971C-65AA-4B66-A374-6F0D5ADF846B}.Debug|x86.Build.0 = Debug|Any CPU
		{0233971C-65AA-4B66-A374-6F0D5ADF846B}.Release|Any CPU.ActiveCfg = Release|Any CPU
		{0233971C-65AA-4B66-A374-6F0D5ADF846B}.Release|Any CPU.Build.0 = Release|Any CPU
		{0233971C-65AA-4B66-A374-6F0D5ADF846B}.Release|x64.ActiveCfg = Release|Any CPU
		{0233971C-65AA-4B66-A374-6F0D5ADF846B}.Release|x64.Build.0 = Release|Any CPU
		{0233971C-65AA-4B66-A374-6F0D5ADF846B}.Release|x86.ActiveCfg = Release|Any CPU
		{0233971C-65AA-4B66-A374-6F0D5ADF846B}.Release|x86.Build.0 = Release|Any CPU
		{29C63F3F-B758-49B5-8DBB-EE697E1D80F1}.Debug|Any CPU.ActiveCfg = Debug|Any CPU
		{29C63F3F-B758-49B5-8DBB-EE697E1D80F1}.Debug|Any CPU.Build.0 = Debug|Any CPU
		{29C63F3F-B758-49B5-8DBB-EE697E1D80F1}.Debug|x64.ActiveCfg = Debug|Any CPU
		{29C63F3F-B758-49B5-8DBB-EE697E1D80F1}.Debug|x64.Build.0 = Debug|Any CPU
		{29C63F3F-B758-49B5-8DBB-EE697E1D80F1}.Debug|x86.ActiveCfg = Debug|Any CPU
		{29C63F3F-B758-49B5-8DBB-EE697E1D80F1}.Debug|x86.Build.0 = Debug|Any CPU
		{29C63F3F-B758-49B5-8DBB-EE697E1D80F1}.Release|Any CPU.ActiveCfg = Release|Any CPU
		{29C63F3F-B758-49B5-8DBB-EE697E1D80F1}.Release|Any CPU.Build.0 = Release|Any CPU
		{29C63F3F-B758-49B5-8DBB-EE697E1D80F1}.Release|x64.ActiveCfg = Release|Any CPU
		{29C63F3F-B758-49B5-8DBB-EE697E1D80F1}.Release|x64.Build.0 = Release|Any CPU
		{29C63F3F-B758-49B5-8DBB-EE697E1D80F1}.Release|x86.ActiveCfg = Release|Any CPU
		{29C63F3F-B758-49B5-8DBB-EE697E1D80F1}.Release|x86.Build.0 = Release|Any CPU
		{9BDA5675-DF76-448B-8B1B-2778590ADBD8}.Debug|Any CPU.ActiveCfg = Debug|Any CPU
		{9BDA5675-DF76-448B-8B1B-2778590ADBD8}.Debug|Any CPU.Build.0 = Debug|Any CPU
		{9BDA5675-DF76-448B-8B1B-2778590ADBD8}.Debug|x64.ActiveCfg = Debug|Any CPU
		{9BDA5675-DF76-448B-8B1B-2778590ADBD8}.Debug|x64.Build.0 = Debug|Any CPU
		{9BDA5675-DF76-448B-8B1B-2778590ADBD8}.Debug|x86.ActiveCfg = Debug|Any CPU
		{9BDA5675-DF76-448B-8B1B-2778590ADBD8}.Debug|x86.Build.0 = Debug|Any CPU
		{9BDA5675-DF76-448B-8B1B-2778590ADBD8}.Release|Any CPU.ActiveCfg = Release|Any CPU
		{9BDA5675-DF76-448B-8B1B-2778590ADBD8}.Release|Any CPU.Build.0 = Release|Any CPU
		{9BDA5675-DF76-448B-8B1B-2778590ADBD8}.Release|x64.ActiveCfg = Release|Any CPU
		{9BDA5675-DF76-448B-8B1B-2778590ADBD8}.Release|x64.Build.0 = Release|Any CPU
		{9BDA5675-DF76-448B-8B1B-2778590ADBD8}.Release|x86.ActiveCfg = Release|Any CPU
		{9BDA5675-DF76-448B-8B1B-2778590ADBD8}.Release|x86.Build.0 = Release|Any CPU
		{10BAE831-C691-4309-AD8E-562AA9C6C828}.Debug|Any CPU.ActiveCfg = Debug|Any CPU
		{10BAE831-C691-4309-AD8E-562AA9C6C828}.Debug|Any CPU.Build.0 = Debug|Any CPU
		{10BAE831-C691-4309-AD8E-562AA9C6C828}.Debug|x64.ActiveCfg = Debug|Any CPU
		{10BAE831-C691-4309-AD8E-562AA9C6C828}.Debug|x64.Build.0 = Debug|Any CPU
		{10BAE831-C691-4309-AD8E-562AA9C6C828}.Debug|x86.ActiveCfg = Debug|Any CPU
		{10BAE831-C691-4309-AD8E-562AA9C6C828}.Debug|x86.Build.0 = Debug|Any CPU
		{10BAE831-C691-4309-AD8E-562AA9C6C828}.Release|Any CPU.ActiveCfg = Release|Any CPU
		{10BAE831-C691-4309-AD8E-562AA9C6C828}.Release|Any CPU.Build.0 = Release|Any CPU
		{10BAE831-C691-4309-AD8E-562AA9C6C828}.Release|x64.ActiveCfg = Release|Any CPU
		{10BAE831-C691-4309-AD8E-562AA9C6C828}.Release|x64.Build.0 = Release|Any CPU
		{10BAE831-C691-4309-AD8E-562AA9C6C828}.Release|x86.ActiveCfg = Release|Any CPU
		{10BAE831-C691-4309-AD8E-562AA9C6C828}.Release|x86.Build.0 = Release|Any CPU
		{CDCD0B0F-7343-4368-B039-0508E2ABCFD1}.Debug|Any CPU.ActiveCfg = Debug|Any CPU
		{CDCD0B0F-7343-4368-B039-0508E2ABCFD1}.Debug|Any CPU.Build.0 = Debug|Any CPU
		{CDCD0B0F-7343-4368-B039-0508E2ABCFD1}.Debug|x64.ActiveCfg = Debug|Any CPU
		{CDCD0B0F-7343-4368-B039-0508E2ABCFD1}.Debug|x64.Build.0 = Debug|Any CPU
		{CDCD0B0F-7343-4368-B039-0508E2ABCFD1}.Debug|x86.ActiveCfg = Debug|Any CPU
		{CDCD0B0F-7343-4368-B039-0508E2ABCFD1}.Debug|x86.Build.0 = Debug|Any CPU
		{CDCD0B0F-7343-4368-B039-0508E2ABCFD1}.Release|Any CPU.ActiveCfg = Release|Any CPU
		{CDCD0B0F-7343-4368-B039-0508E2ABCFD1}.Release|Any CPU.Build.0 = Release|Any CPU
		{CDCD0B0F-7343-4368-B039-0508E2ABCFD1}.Release|x64.ActiveCfg = Release|Any CPU
		{CDCD0B0F-7343-4368-B039-0508E2ABCFD1}.Release|x64.Build.0 = Release|Any CPU
		{CDCD0B0F-7343-4368-B039-0508E2ABCFD1}.Release|x86.ActiveCfg = Release|Any CPU
		{CDCD0B0F-7343-4368-B039-0508E2ABCFD1}.Release|x86.Build.0 = Release|Any CPU
		{04DF3897-11F1-4AD9-82CB-AB36F1E49FDA}.Debug|Any CPU.ActiveCfg = Debug|Any CPU
		{04DF3897-11F1-4AD9-82CB-AB36F1E49FDA}.Debug|Any CPU.Build.0 = Debug|Any CPU
		{04DF3897-11F1-4AD9-82CB-AB36F1E49FDA}.Debug|x64.ActiveCfg = Debug|Any CPU
		{04DF3897-11F1-4AD9-82CB-AB36F1E49FDA}.Debug|x64.Build.0 = Debug|Any CPU
		{04DF3897-11F1-4AD9-82CB-AB36F1E49FDA}.Debug|x86.ActiveCfg = Debug|Any CPU
		{04DF3897-11F1-4AD9-82CB-AB36F1E49FDA}.Debug|x86.Build.0 = Debug|Any CPU
		{04DF3897-11F1-4AD9-82CB-AB36F1E49FDA}.Release|Any CPU.ActiveCfg = Release|Any CPU
		{04DF3897-11F1-4AD9-82CB-AB36F1E49FDA}.Release|Any CPU.Build.0 = Release|Any CPU
		{04DF3897-11F1-4AD9-82CB-AB36F1E49FDA}.Release|x64.ActiveCfg = Release|Any CPU
		{04DF3897-11F1-4AD9-82CB-AB36F1E49FDA}.Release|x64.Build.0 = Release|Any CPU
		{04DF3897-11F1-4AD9-82CB-AB36F1E49FDA}.Release|x86.ActiveCfg = Release|Any CPU
		{04DF3897-11F1-4AD9-82CB-AB36F1E49FDA}.Release|x86.Build.0 = Release|Any CPU
		{CA567884-FEE5-45B6-B65D-191BB89521B9}.Debug|Any CPU.ActiveCfg = Debug|Any CPU
		{CA567884-FEE5-45B6-B65D-191BB89521B9}.Debug|Any CPU.Build.0 = Debug|Any CPU
		{CA567884-FEE5-45B6-B65D-191BB89521B9}.Debug|x64.ActiveCfg = Debug|Any CPU
		{CA567884-FEE5-45B6-B65D-191BB89521B9}.Debug|x64.Build.0 = Debug|Any CPU
		{CA567884-FEE5-45B6-B65D-191BB89521B9}.Debug|x86.ActiveCfg = Debug|Any CPU
		{CA567884-FEE5-45B6-B65D-191BB89521B9}.Debug|x86.Build.0 = Debug|Any CPU
		{CA567884-FEE5-45B6-B65D-191BB89521B9}.Release|Any CPU.ActiveCfg = Release|Any CPU
		{CA567884-FEE5-45B6-B65D-191BB89521B9}.Release|Any CPU.Build.0 = Release|Any CPU
		{CA567884-FEE5-45B6-B65D-191BB89521B9}.Release|x64.ActiveCfg = Release|Any CPU
		{CA567884-FEE5-45B6-B65D-191BB89521B9}.Release|x64.Build.0 = Release|Any CPU
		{CA567884-FEE5-45B6-B65D-191BB89521B9}.Release|x86.ActiveCfg = Release|Any CPU
		{CA567884-FEE5-45B6-B65D-191BB89521B9}.Release|x86.Build.0 = Release|Any CPU
		{9A5D0626-4288-4BFB-92E3-09C3182525A0}.Debug|Any CPU.ActiveCfg = Debug|Any CPU
		{9A5D0626-4288-4BFB-92E3-09C3182525A0}.Debug|Any CPU.Build.0 = Debug|Any CPU
		{9A5D0626-4288-4BFB-92E3-09C3182525A0}.Debug|x64.ActiveCfg = Debug|Any CPU
		{9A5D0626-4288-4BFB-92E3-09C3182525A0}.Debug|x64.Build.0 = Debug|Any CPU
		{9A5D0626-4288-4BFB-92E3-09C3182525A0}.Debug|x86.ActiveCfg = Debug|Any CPU
		{9A5D0626-4288-4BFB-92E3-09C3182525A0}.Debug|x86.Build.0 = Debug|Any CPU
		{9A5D0626-4288-4BFB-92E3-09C3182525A0}.Release|Any CPU.ActiveCfg = Release|Any CPU
		{9A5D0626-4288-4BFB-92E3-09C3182525A0}.Release|Any CPU.Build.0 = Release|Any CPU
		{9A5D0626-4288-4BFB-92E3-09C3182525A0}.Release|x64.ActiveCfg = Release|Any CPU
		{9A5D0626-4288-4BFB-92E3-09C3182525A0}.Release|x64.Build.0 = Release|Any CPU
		{9A5D0626-4288-4BFB-92E3-09C3182525A0}.Release|x86.ActiveCfg = Release|Any CPU
		{9A5D0626-4288-4BFB-92E3-09C3182525A0}.Release|x86.Build.0 = Release|Any CPU
	EndGlobalSection
	GlobalSection(SolutionProperties) = preSolution
		HideSolutionNode = FALSE
	EndGlobalSection
	GlobalSection(NestedProjects) = preSolution
		{90298CBA-BD6F-3A0A-69D5-97CAD7B05E7E} = {827E0CD3-B72D-47B6-A68D-7590B98EB39B}
		{F8284A3B-6172-4543-FC74-2C149A4C2E29} = {90298CBA-BD6F-3A0A-69D5-97CAD7B05E7E}
		{972D176B-E4BB-40C7-9BDE-D7ABDF796426} = {F8284A3B-6172-4543-FC74-2C149A4C2E29}
		{4D909E3A-FE81-0AA7-4841-65E192C827E3} = {90298CBA-BD6F-3A0A-69D5-97CAD7B05E7E}
		{2515DEB7-DC1E-419A-892A-975A601480AB} = {4D909E3A-FE81-0AA7-4841-65E192C827E3}
		{53890CF4-40DD-B408-C4DC-486A5274CA5C} = {90298CBA-BD6F-3A0A-69D5-97CAD7B05E7E}
		{9949377E-B3FB-4F59-B73D-180F2C593595} = {53890CF4-40DD-B408-C4DC-486A5274CA5C}
		{14C344FA-F21B-C7EF-0841-887F9D46AA35} = {90298CBA-BD6F-3A0A-69D5-97CAD7B05E7E}
		{6017C867-1FF9-4262-B648-4EBA01CA6138} = {14C344FA-F21B-C7EF-0841-887F9D46AA35}
		{408E099D-E5BE-D435-3378-22A4F9BFB988} = {90298CBA-BD6F-3A0A-69D5-97CAD7B05E7E}
		{19D11B70-02C7-4431-ABEF-9B72FF52DCB6} = {408E099D-E5BE-D435-3378-22A4F9BFB988}
		{984BB9B3-3FA3-BE33-9484-CAC21695A33C} = {827E0CD3-B72D-47B6-A68D-7590B98EB39B}
		{CA15E31E-CB60-F235-5CDF-2E527A86A72C} = {984BB9B3-3FA3-BE33-9484-CAC21695A33C}
		{55AA9779-1E78-4AA6-AC48-621918D951BD} = {CA15E31E-CB60-F235-5CDF-2E527A86A72C}
		{C1B04C9F-FEA8-4956-8B59-69754F6177DF} = {CA15E31E-CB60-F235-5CDF-2E527A86A72C}
		{E85DFEAA-A25D-4679-9B8F-941F092F818A} = {CA15E31E-CB60-F235-5CDF-2E527A86A72C}
		{B18D9DF2-05B4-432A-B6AF-1DA80D55F601} = {CA15E31E-CB60-F235-5CDF-2E527A86A72C}
		{4123167B-43F7-B7D6-9F7F-37C16FB29096} = {984BB9B3-3FA3-BE33-9484-CAC21695A33C}
		{2BC2CC2D-B100-4FE9-9BDC-7563C8AEEF03} = {4123167B-43F7-B7D6-9F7F-37C16FB29096}
		{EEFB9B31-51B3-495C-95C8-BA47F1ED6D5F} = {4123167B-43F7-B7D6-9F7F-37C16FB29096}
		{C664A701-B144-4CF9-9A66-FE3DAFB10317} = {4123167B-43F7-B7D6-9F7F-37C16FB29096}
		{CBF14777-9E51-405E-A02C-A325F7810331} = {4123167B-43F7-B7D6-9F7F-37C16FB29096}
		{6792783D-ADFB-1DC9-8301-92642CD8F804} = {984BB9B3-3FA3-BE33-9484-CAC21695A33C}
		{F1996B81-E835-4591-9499-628F852D0594} = {6792783D-ADFB-1DC9-8301-92642CD8F804}
		{51CC94C5-E08F-45B9-B5CE-0A72F0AD7D98} = {6792783D-ADFB-1DC9-8301-92642CD8F804}
		{A687B696-7DEC-41BF-A29C-09CD2B8897A3} = {6792783D-ADFB-1DC9-8301-92642CD8F804}
		{DE51A671-D804-45FB-9FD6-DE51F5539BBA} = {6792783D-ADFB-1DC9-8301-92642CD8F804}
		{3FB03296-F262-2760-9861-73C41AF3766C} = {984BB9B3-3FA3-BE33-9484-CAC21695A33C}
		{2BC86716-FCE7-4E5A-A4F4-B715BB0F3332} = {3FB03296-F262-2760-9861-73C41AF3766C}
		{105C846C-3072-4AAA-8941-D68102027E60} = {3FB03296-F262-2760-9861-73C41AF3766C}
		{07B1A0B5-398F-4BA9-90CB-0DA353D5186A} = {3FB03296-F262-2760-9861-73C41AF3766C}
		{8E0895B8-9FD9-4802-94EE-70FCFA2A7993} = {3FB03296-F262-2760-9861-73C41AF3766C}
		{5AFB76E0-5870-0CFD-DAC0-FE3ADB92FF83} = {984BB9B3-3FA3-BE33-9484-CAC21695A33C}
		{E0A8092C-65AE-4235-9DC2-65BDE9FCD392} = {5AFB76E0-5870-0CFD-DAC0-FE3ADB92FF83}
		{01B222E5-5ED8-40D6-993A-E3BEA7391478} = {5AFB76E0-5870-0CFD-DAC0-FE3ADB92FF83}
		{0233971C-65AA-4B66-A374-6F0D5ADF846B} = {5AFB76E0-5870-0CFD-DAC0-FE3ADB92FF83}
		{29C63F3F-B758-49B5-8DBB-EE697E1D80F1} = {5AFB76E0-5870-0CFD-DAC0-FE3ADB92FF83}
		{BB77F832-879F-00F9-E108-00944EDB87D8} = {984BB9B3-3FA3-BE33-9484-CAC21695A33C}
		{9BDA5675-DF76-448B-8B1B-2778590ADBD8} = {BB77F832-879F-00F9-E108-00944EDB87D8}
		{10BAE831-C691-4309-AD8E-562AA9C6C828} = {BB77F832-879F-00F9-E108-00944EDB87D8}
		{CDCD0B0F-7343-4368-B039-0508E2ABCFD1} = {BB77F832-879F-00F9-E108-00944EDB87D8}
		{04DF3897-11F1-4AD9-82CB-AB36F1E49FDA} = {BB77F832-879F-00F9-E108-00944EDB87D8}
		{FCA01246-F2C6-0AA7-D43F-FD13BE0B9D88} = {827E0CD3-B72D-47B6-A68D-7590B98EB39B}
		{CA567884-FEE5-45B6-B65D-191BB89521B9} = {FCA01246-F2C6-0AA7-D43F-FD13BE0B9D88}
		{9A5D0626-4288-4BFB-92E3-09C3182525A0} = {827E0CD3-B72D-47B6-A68D-7590B98EB39B}
	EndGlobalSection
EndGlobal
